// !$*UTF8*$!
{
	archiveVersion = 1;
	classes = {
	};
	objectVersion = 55;
	objects = {

/* Begin PBXBuildFile section */
		C83A8318279705610026BA17 /* TrekrApp.swift in Sources */ = {isa = PBXBuildFile; fileRef = C83A83082797055D0026BA17 /* TrekrApp.swift */; };
		C83A8319279705610026BA17 /* TrekrApp.swift in Sources */ = {isa = PBXBuildFile; fileRef = C83A83082797055D0026BA17 /* TrekrApp.swift */; };
		C83A831C279705610026BA17 /* Assets.xcassets in Resources */ = {isa = PBXBuildFile; fileRef = C83A830A279705610026BA17 /* Assets.xcassets */; };
		C83A831D279705610026BA17 /* Assets.xcassets in Resources */ = {isa = PBXBuildFile; fileRef = C83A830A279705610026BA17 /* Assets.xcassets */; };
		C83A832A279707E60026BA17 /* tips.json in Resources */ = {isa = PBXBuildFile; fileRef = C83A8328279707E50026BA17 /* tips.json */; };
		C83A832B279707E60026BA17 /* tips.json in Resources */ = {isa = PBXBuildFile; fileRef = C83A8328279707E50026BA17 /* tips.json */; };
		C83A832C279707E60026BA17 /* locations.json in Resources */ = {isa = PBXBuildFile; fileRef = C83A8329279707E50026BA17 /* locations.json */; };
		C83A832D279707E60026BA17 /* locations.json in Resources */ = {isa = PBXBuildFile; fileRef = C83A8329279707E50026BA17 /* locations.json */; };
		C83A832F279708B60026BA17 /* Locations.swift in Sources */ = {isa = PBXBuildFile; fileRef = C83A832E279708B60026BA17 /* Locations.swift */; };
		C83A8330279708B60026BA17 /* Locations.swift in Sources */ = {isa = PBXBuildFile; fileRef = C83A832E279708B60026BA17 /* Locations.swift */; };
		C83A833527970ACD0026BA17 /* LocationDetails.swift in Sources */ = {isa = PBXBuildFile; fileRef = C83A833427970ACD0026BA17 /* LocationDetails.swift */; };
		C83A833627970ACD0026BA17 /* LocationDetails.swift in Sources */ = {isa = PBXBuildFile; fileRef = C83A833427970ACD0026BA17 /* LocationDetails.swift */; };
		C83A8338279710130026BA17 /* LocationStore.swift in Sources */ = {isa = PBXBuildFile; fileRef = C83A8337279710130026BA17 /* LocationStore.swift */; };
		C83A8339279710130026BA17 /* LocationStore.swift in Sources */ = {isa = PBXBuildFile; fileRef = C83A8337279710130026BA17 /* LocationStore.swift */; };
		C83A833B279757FD0026BA17 /* LocationsList.swift in Sources */ = {isa = PBXBuildFile; fileRef = C83A833A279757FD0026BA17 /* LocationsList.swift */; };
		C83A833C279757FD0026BA17 /* LocationsList.swift in Sources */ = {isa = PBXBuildFile; fileRef = C83A833A279757FD0026BA17 /* LocationsList.swift */; };
		C84911DB27985DF20069A85E /* WorldMap.swift in Sources */ = {isa = PBXBuildFile; fileRef = C84911DA27985DF20069A85E /* WorldMap.swift */; };
		C84911DC27985DF20069A85E /* WorldMap.swift in Sources */ = {isa = PBXBuildFile; fileRef = C84911DA27985DF20069A85E /* WorldMap.swift */; };
		C84911DE27985E0C0069A85E /* TipsList.swift in Sources */ = {isa = PBXBuildFile; fileRef = C84911DD27985E0C0069A85E /* TipsList.swift */; };
		C84911DF27985E0C0069A85E /* TipsList.swift in Sources */ = {isa = PBXBuildFile; fileRef = C84911DD27985E0C0069A85E /* TipsList.swift */; };
		C84911E1279868AE0069A85E /* Tip.swift in Sources */ = {isa = PBXBuildFile; fileRef = C84911E0279868AE0069A85E /* Tip.swift */; };
		C84911E2279868AE0069A85E /* Tip.swift in Sources */ = {isa = PBXBuildFile; fileRef = C84911E0279868AE0069A85E /* Tip.swift */; };
/* End PBXBuildFile section */

/* Begin PBXFileReference section */
		C83A83082797055D0026BA17 /* TrekrApp.swift */ = {isa = PBXFileReference; lastKnownFileType = sourcecode.swift; path = TrekrApp.swift; sourceTree = "<group>"; };
		C83A830A279705610026BA17 /* Assets.xcassets */ = {isa = PBXFileReference; lastKnownFileType = folder.assetcatalog; path = Assets.xcassets; sourceTree = "<group>"; };
		C83A830F279705610026BA17 /* Trekr.app */ = {isa = PBXFileReference; explicitFileType = wrapper.application; includeInIndex = 0; path = Trekr.app; sourceTree = BUILT_PRODUCTS_DIR; };
		C83A8315279705610026BA17 /* Trekr.app */ = {isa = PBXFileReference; explicitFileType = wrapper.application; includeInIndex = 0; path = Trekr.app; sourceTree = BUILT_PRODUCTS_DIR; };
		C83A8317279705610026BA17 /* macOS.entitlements */ = {isa = PBXFileReference; lastKnownFileType = text.plist.entitlements; path = macOS.entitlements; sourceTree = "<group>"; };
		C83A8328279707E50026BA17 /* tips.json */ = {isa = PBXFileReference; fileEncoding = 4; lastKnownFileType = text.json; path = tips.json; sourceTree = "<group>"; };
		C83A8329279707E50026BA17 /* locations.json */ = {isa = PBXFileReference; fileEncoding = 4; lastKnownFileType = text.json; path = locations.json; sourceTree = "<group>"; };
		C83A832E279708B60026BA17 /* Locations.swift */ = {isa = PBXFileReference; lastKnownFileType = sourcecode.swift; path = Locations.swift; sourceTree = "<group>"; };
		C83A833427970ACD0026BA17 /* LocationDetails.swift */ = {isa = PBXFileReference; lastKnownFileType = sourcecode.swift; path = LocationDetails.swift; sourceTree = "<group>"; };
		C83A8337279710130026BA17 /* LocationStore.swift */ = {isa = PBXFileReference; lastKnownFileType = sourcecode.swift; path = LocationStore.swift; sourceTree = "<group>"; };
		C83A833A279757FD0026BA17 /* LocationsList.swift */ = {isa = PBXFileReference; lastKnownFileType = sourcecode.swift; path = LocationsList.swift; sourceTree = "<group>"; };
		C84911DA27985DF20069A85E /* WorldMap.swift */ = {isa = PBXFileReference; lastKnownFileType = sourcecode.swift; path = WorldMap.swift; sourceTree = "<group>"; };
		C84911DD27985E0C0069A85E /* TipsList.swift */ = {isa = PBXFileReference; lastKnownFileType = sourcecode.swift; path = TipsList.swift; sourceTree = "<group>"; };
		C84911E0279868AE0069A85E /* Tip.swift */ = {isa = PBXFileReference; lastKnownFileType = sourcecode.swift; path = Tip.swift; sourceTree = "<group>"; };
/* End PBXFileReference section */

/* Begin PBXFrameworksBuildPhase section */
		C83A830C279705610026BA17 /* Frameworks */ = {
			isa = PBXFrameworksBuildPhase;
			buildActionMask = 2147483647;
			files = (
			);
			runOnlyForDeploymentPostprocessing = 0;
		};
		C83A8312279705610026BA17 /* Frameworks */ = {
			isa = PBXFrameworksBuildPhase;
			buildActionMask = 2147483647;
			files = (
			);
			runOnlyForDeploymentPostprocessing = 0;
		};
/* End PBXFrameworksBuildPhase section */

/* Begin PBXGroup section */
		C83A83022797055D0026BA17 = {
			isa = PBXGroup;
			children = (
				C83A83072797055D0026BA17 /* Shared */,
				C83A8316279705610026BA17 /* macOS */,
				C83A8310279705610026BA17 /* Products */,
			);
			sourceTree = "<group>";
		};
		C83A83072797055D0026BA17 /* Shared */ = {
			isa = PBXGroup;
			children = (
				C83A83082797055D0026BA17 /* TrekrApp.swift */,
				C83A83272797068C0026BA17 /* Views */,
				C83A8326279706790026BA17 /* Model */,
				C83A830A279705610026BA17 /* Assets.xcassets */,
			);
			path = Shared;
			sourceTree = "<group>";
		};
		C83A8310279705610026BA17 /* Products */ = {
			isa = PBXGroup;
			children = (
				C83A830F279705610026BA17 /* Trekr.app */,
				C83A8315279705610026BA17 /* Trekr.app */,
			);
			name = Products;
			sourceTree = "<group>";
		};
		C83A8316279705610026BA17 /* macOS */ = {
			isa = PBXGroup;
			children = (
				C83A8317279705610026BA17 /* macOS.entitlements */,
			);
			path = macOS;
			sourceTree = "<group>";
		};
		C83A8326279706790026BA17 /* Model */ = {
			isa = PBXGroup;
			children = (
				C83A8329279707E50026BA17 /* locations.json */,
				C83A8328279707E50026BA17 /* tips.json */,
				C83A832E279708B60026BA17 /* Locations.swift */,
				C83A8337279710130026BA17 /* LocationStore.swift */,
				C84911E0279868AE0069A85E /* Tip.swift */,
			);
			path = Model;
			sourceTree = "<group>";
		};
		C83A83272797068C0026BA17 /* Views */ = {
			isa = PBXGroup;
			children = (
				C83A833427970ACD0026BA17 /* LocationDetails.swift */,
				C83A833A279757FD0026BA17 /* LocationsList.swift */,
				C84911DA27985DF20069A85E /* WorldMap.swift */,
				C84911DD27985E0C0069A85E /* TipsList.swift */,
			);
			path = Views;
			sourceTree = "<group>";
		};
/* End PBXGroup section */

/* Begin PBXNativeTarget section */
		C83A830E279705610026BA17 /* Trekr (iOS) */ = {
			isa = PBXNativeTarget;
			buildConfigurationList = C83A8320279705610026BA17 /* Build configuration list for PBXNativeTarget "Trekr (iOS)" */;
			buildPhases = (
				C83A830B279705610026BA17 /* Sources */,
				C83A830C279705610026BA17 /* Frameworks */,
				C83A830D279705610026BA17 /* Resources */,
			);
			buildRules = (
			);
			dependencies = (
			);
			name = "Trekr (iOS)";
			productName = "Trekr (iOS)";
			productReference = C83A830F279705610026BA17 /* Trekr.app */;
			productType = "com.apple.product-type.application";
		};
		C83A8314279705610026BA17 /* Trekr (macOS) */ = {
			isa = PBXNativeTarget;
			buildConfigurationList = C83A8323279705610026BA17 /* Build configuration list for PBXNativeTarget "Trekr (macOS)" */;
			buildPhases = (
				C83A8311279705610026BA17 /* Sources */,
				C83A8312279705610026BA17 /* Frameworks */,
				C83A8313279705610026BA17 /* Resources */,
			);
			buildRules = (
			);
			dependencies = (
			);
			name = "Trekr (macOS)";
			productName = "Trekr (macOS)";
			productReference = C83A8315279705610026BA17 /* Trekr.app */;
			productType = "com.apple.product-type.application";
		};
/* End PBXNativeTarget section */

/* Begin PBXProject section */
		C83A83032797055D0026BA17 /* Project object */ = {
			isa = PBXProject;
			attributes = {
				BuildIndependentTargetsInParallel = 1;
				LastSwiftUpdateCheck = 1300;
				LastUpgradeCheck = 1300;
				TargetAttributes = {
					C83A830E279705610026BA17 = {
						CreatedOnToolsVersion = 13.0;
					};
					C83A8314279705610026BA17 = {
						CreatedOnToolsVersion = 13.0;
					};
				};
			};
			buildConfigurationList = C83A83062797055D0026BA17 /* Build configuration list for PBXProject "Trekr" */;
			compatibilityVersion = "Xcode 13.0";
			developmentRegion = en;
			hasScannedForEncodings = 0;
			knownRegions = (
				en,
				Base,
			);
			mainGroup = C83A83022797055D0026BA17;
			productRefGroup = C83A8310279705610026BA17 /* Products */;
			projectDirPath = "";
			projectRoot = "";
			targets = (
				C83A830E279705610026BA17 /* Trekr (iOS) */,
				C83A8314279705610026BA17 /* Trekr (macOS) */,
			);
		};
/* End PBXProject section */

/* Begin PBXResourcesBuildPhase section */
		C83A830D279705610026BA17 /* Resources */ = {
			isa = PBXResourcesBuildPhase;
			buildActionMask = 2147483647;
			files = (
				C83A831C279705610026BA17 /* Assets.xcassets in Resources */,
				C83A832C279707E60026BA17 /* locations.json in Resources */,
				C83A832A279707E60026BA17 /* tips.json in Resources */,
			);
			runOnlyForDeploymentPostprocessing = 0;
		};
		C83A8313279705610026BA17 /* Resources */ = {
			isa = PBXResourcesBuildPhase;
			buildActionMask = 2147483647;
			files = (
				C83A831D279705610026BA17 /* Assets.xcassets in Resources */,
				C83A832D279707E60026BA17 /* locations.json in Resources */,
				C83A832B279707E60026BA17 /* tips.json in Resources */,
			);
			runOnlyForDeploymentPostprocessing = 0;
		};
/* End PBXResourcesBuildPhase section */

/* Begin PBXSourcesBuildPhase section */
		C83A830B279705610026BA17 /* Sources */ = {
			isa = PBXSourcesBuildPhase;
			buildActionMask = 2147483647;
			files = (
				C83A8338279710130026BA17 /* LocationStore.swift in Sources */,
				C84911E1279868AE0069A85E /* Tip.swift in Sources */,
				C84911DB27985DF20069A85E /* WorldMap.swift in Sources */,
				C83A832F279708B60026BA17 /* Locations.swift in Sources */,
				C84911DE27985E0C0069A85E /* TipsList.swift in Sources */,
				C83A833B279757FD0026BA17 /* LocationsList.swift in Sources */,
				C83A8318279705610026BA17 /* TrekrApp.swift in Sources */,
				C83A833527970ACD0026BA17 /* LocationDetails.swift in Sources */,
			);
			runOnlyForDeploymentPostprocessing = 0;
		};
		C83A8311279705610026BA17 /* Sources */ = {
			isa = PBXSourcesBuildPhase;
			buildActionMask = 2147483647;
			files = (
				C83A8339279710130026BA17 /* LocationStore.swift in Sources */,
				C84911E2279868AE0069A85E /* Tip.swift in Sources */,
				C84911DC27985DF20069A85E /* WorldMap.swift in Sources */,
				C83A8330279708B60026BA17 /* Locations.swift in Sources */,
				C84911DF27985E0C0069A85E /* TipsList.swift in Sources */,
				C83A833C279757FD0026BA17 /* LocationsList.swift in Sources */,
				C83A8319279705610026BA17 /* TrekrApp.swift in Sources */,
				C83A833627970ACD0026BA17 /* LocationDetails.swift in Sources */,
			);
			runOnlyForDeploymentPostprocessing = 0;
		};
/* End PBXSourcesBuildPhase section */

/* Begin XCBuildConfiguration section */
		C83A831E279705610026BA17 /* Debug */ = {
			isa = XCBuildConfiguration;
			buildSettings = {
				ALWAYS_SEARCH_USER_PATHS = NO;
				CLANG_ANALYZER_NONNULL = YES;
				CLANG_ANALYZER_NUMBER_OBJECT_CONVERSION = YES_AGGRESSIVE;
				CLANG_CXX_LANGUAGE_STANDARD = "gnu++17";
				CLANG_CXX_LIBRARY = "libc++";
				CLANG_ENABLE_MODULES = YES;
				CLANG_ENABLE_OBJC_ARC = YES;
				CLANG_ENABLE_OBJC_WEAK = YES;
				CLANG_WARN_BLOCK_CAPTURE_AUTORELEASING = YES;
				CLANG_WARN_BOOL_CONVERSION = YES;
				CLANG_WARN_COMMA = YES;
				CLANG_WARN_CONSTANT_CONVERSION = YES;
				CLANG_WARN_DEPRECATED_OBJC_IMPLEMENTATIONS = YES;
				CLANG_WARN_DIRECT_OBJC_ISA_USAGE = YES_ERROR;
				CLANG_WARN_DOCUMENTATION_COMMENTS = YES;
				CLANG_WARN_EMPTY_BODY = YES;
				CLANG_WARN_ENUM_CONVERSION = YES;
				CLANG_WARN_INFINITE_RECURSION = YES;
				CLANG_WARN_INT_CONVERSION = YES;
				CLANG_WARN_NON_LITERAL_NULL_CONVERSION = YES;
				CLANG_WARN_OBJC_IMPLICIT_RETAIN_SELF = YES;
				CLANG_WARN_OBJC_LITERAL_CONVERSION = YES;
				CLANG_WARN_OBJC_ROOT_CLASS = YES_ERROR;
				CLANG_WARN_QUOTED_INCLUDE_IN_FRAMEWORK_HEADER = YES;
				CLANG_WARN_RANGE_LOOP_ANALYSIS = YES;
				CLANG_WARN_STRICT_PROTOTYPES = YES;
				CLANG_WARN_SUSPICIOUS_MOVE = YES;
				CLANG_WARN_UNGUARDED_AVAILABILITY = YES_AGGRESSIVE;
				CLANG_WARN_UNREACHABLE_CODE = YES;
				CLANG_WARN__DUPLICATE_METHOD_MATCH = YES;
				COPY_PHASE_STRIP = NO;
				DEBUG_INFORMATION_FORMAT = dwarf;
				ENABLE_STRICT_OBJC_MSGSEND = YES;
				ENABLE_TESTABILITY = YES;
				GCC_C_LANGUAGE_STANDARD = gnu11;
				GCC_DYNAMIC_NO_PIC = NO;
				GCC_NO_COMMON_BLOCKS = YES;
				GCC_OPTIMIZATION_LEVEL = 0;
				GCC_PREPROCESSOR_DEFINITIONS = (
					"DEBUG=1",
					"$(inherited)",
				);
				GCC_WARN_64_TO_32_BIT_CONVERSION = YES;
				GCC_WARN_ABOUT_RETURN_TYPE = YES_ERROR;
				GCC_WARN_UNDECLARED_SELECTOR = YES;
				GCC_WARN_UNINITIALIZED_AUTOS = YES_AGGRESSIVE;
				GCC_WARN_UNUSED_FUNCTION = YES;
				GCC_WARN_UNUSED_VARIABLE = YES;
				MTL_ENABLE_DEBUG_INFO = INCLUDE_SOURCE;
				MTL_FAST_MATH = YES;
				ONLY_ACTIVE_ARCH = YES;
				SWIFT_ACTIVE_COMPILATION_CONDITIONS = DEBUG;
				SWIFT_OPTIMIZATION_LEVEL = "-Onone";
			};
			name = Debug;
		};
		C83A831F279705610026BA17 /* Release */ = {
			isa = XCBuildConfiguration;
			buildSettings = {
				ALWAYS_SEARCH_USER_PATHS = NO;
				CLANG_ANALYZER_NONNULL = YES;
				CLANG_ANALYZER_NUMBER_OBJECT_CONVERSION = YES_AGGRESSIVE;
				CLANG_CXX_LANGUAGE_STANDARD = "gnu++17";
				CLANG_CXX_LIBRARY = "libc++";
				CLANG_ENABLE_MODULES = YES;
				CLANG_ENABLE_OBJC_ARC = YES;
				CLANG_ENABLE_OBJC_WEAK = YES;
				CLANG_WARN_BLOCK_CAPTURE_AUTORELEASING = YES;
				CLANG_WARN_BOOL_CONVERSION = YES;
				CLANG_WARN_COMMA = YES;
				CLANG_WARN_CONSTANT_CONVERSION = YES;
				CLANG_WARN_DEPRECATED_OBJC_IMPLEMENTATIONS = YES;
				CLANG_WARN_DIRECT_OBJC_ISA_USAGE = YES_ERROR;
				CLANG_WARN_DOCUMENTATION_COMMENTS = YES;
				CLANG_WARN_EMPTY_BODY = YES;
				CLANG_WARN_ENUM_CONVERSION = YES;
				CLANG_WARN_INFINITE_RECURSION = YES;
				CLANG_WARN_INT_CONVERSION = YES;
				CLANG_WARN_NON_LITERAL_NULL_CONVERSION = YES;
				CLANG_WARN_OBJC_IMPLICIT_RETAIN_SELF = YES;
				CLANG_WARN_OBJC_LITERAL_CONVERSION = YES;
				CLANG_WARN_OBJC_ROOT_CLASS = YES_ERROR;
				CLANG_WARN_QUOTED_INCLUDE_IN_FRAMEWORK_HEADER = YES;
				CLANG_WARN_RANGE_LOOP_ANALYSIS = YES;
				CLANG_WARN_STRICT_PROTOTYPES = YES;
				CLANG_WARN_SUSPICIOUS_MOVE = YES;
				CLANG_WARN_UNGUARDED_AVAILABILITY = YES_AGGRESSIVE;
				CLANG_WARN_UNREACHABLE_CODE = YES;
				CLANG_WARN__DUPLICATE_METHOD_MATCH = YES;
				COPY_PHASE_STRIP = NO;
				DEBUG_INFORMATION_FORMAT = "dwarf-with-dsym";
				ENABLE_NS_ASSERTIONS = NO;
				ENABLE_STRICT_OBJC_MSGSEND = YES;
				GCC_C_LANGUAGE_STANDARD = gnu11;
				GCC_NO_COMMON_BLOCKS = YES;
				GCC_WARN_64_TO_32_BIT_CONVERSION = YES;
				GCC_WARN_ABOUT_RETURN_TYPE = YES_ERROR;
				GCC_WARN_UNDECLARED_SELECTOR = YES;
				GCC_WARN_UNINITIALIZED_AUTOS = YES_AGGRESSIVE;
				GCC_WARN_UNUSED_FUNCTION = YES;
				GCC_WARN_UNUSED_VARIABLE = YES;
				MTL_ENABLE_DEBUG_INFO = NO;
				MTL_FAST_MATH = YES;
				SWIFT_COMPILATION_MODE = wholemodule;
				SWIFT_OPTIMIZATION_LEVEL = "-O";
			};
			name = Release;
		};
		C83A8321279705610026BA17 /* Debug */ = {
			isa = XCBuildConfiguration;
			buildSettings = {
				ASSETCATALOG_COMPILER_APPICON_NAME = AppIcon;
				ASSETCATALOG_COMPILER_GLOBAL_ACCENT_COLOR_NAME = AccentColor;
				CODE_SIGN_STYLE = Automatic;
				CURRENT_PROJECT_VERSION = 1;
				DEVELOPMENT_TEAM = 89CY642UG3;
				ENABLE_PREVIEWS = YES;
				GENERATE_INFOPLIST_FILE = YES;
				INFOPLIST_KEY_UIApplicationSceneManifest_Generation = YES;
				INFOPLIST_KEY_UIApplicationSupportsIndirectInputEvents = YES;
				INFOPLIST_KEY_UILaunchScreen_Generation = YES;
				INFOPLIST_KEY_UISupportedInterfaceOrientations_iPad = "UIInterfaceOrientationPortrait UIInterfaceOrientationPortraitUpsideDown UIInterfaceOrientationLandscapeLeft UIInterfaceOrientationLandscapeRight";
				INFOPLIST_KEY_UISupportedInterfaceOrientations_iPhone = "UIInterfaceOrientationPortrait UIInterfaceOrientationLandscapeLeft UIInterfaceOrientationLandscapeRight";
				IPHONEOS_DEPLOYMENT_TARGET = 14.0;
				LD_RUNPATH_SEARCH_PATHS = (
					"$(inherited)",
					"@executable_path/Frameworks",
				);
				MARKETING_VERSION = 1.0;
				PRODUCT_BUNDLE_IDENTIFIER = ca.jinasalvarajah.Trekr;
				PRODUCT_NAME = Trekr;
				SDKROOT = iphoneos;
				SWIFT_EMIT_LOC_STRINGS = YES;
				SWIFT_VERSION = 5.0;
				TARGETED_DEVICE_FAMILY = "1,2";
			};
			name = Debug;
		};
		C83A8322279705610026BA17 /* Release */ = {
			isa = XCBuildConfiguration;
			buildSettings = {
				ASSETCATALOG_COMPILER_APPICON_NAME = AppIcon;
				ASSETCATALOG_COMPILER_GLOBAL_ACCENT_COLOR_NAME = AccentColor;
				CODE_SIGN_STYLE = Automatic;
				CURRENT_PROJECT_VERSION = 1;
				DEVELOPMENT_TEAM = 89CY642UG3;
				ENABLE_PREVIEWS = YES;
				GENERATE_INFOPLIST_FILE = YES;
				INFOPLIST_KEY_UIApplicationSceneManifest_Generation = YES;
				INFOPLIST_KEY_UIApplicationSupportsIndirectInputEvents = YES;
				INFOPLIST_KEY_UILaunchScreen_Generation = YES;
				INFOPLIST_KEY_UISupportedInterfaceOrientations_iPad = "UIInterfaceOrientationPortrait UIInterfaceOrientationPortraitUpsideDown UIInterfaceOrientationLandscapeLeft UIInterfaceOrientationLandscapeRight";
				INFOPLIST_KEY_UISupportedInterfaceOrientations_iPhone = "UIInterfaceOrientationPortrait UIInterfaceOrientationLandscapeLeft UIInterfaceOrientationLandscapeRight";
				IPHONEOS_DEPLOYMENT_TARGET = 14.0;
				LD_RUNPATH_SEARCH_PATHS = (
					"$(inherited)",
					"@executable_path/Frameworks",
				);
				MARKETING_VERSION = 1.0;
				PRODUCT_BUNDLE_IDENTIFIER = ca.jinasalvarajah.Trekr;
				PRODUCT_NAME = Trekr;
				SDKROOT = iphoneos;
				SWIFT_EMIT_LOC_STRINGS = YES;
				SWIFT_VERSION = 5.0;
				TARGETED_DEVICE_FAMILY = "1,2";
				VALIDATE_PRODUCT = YES;
			};
			name = Release;
		};
		C83A8324279705610026BA17 /* Debug */ = {
			isa = XCBuildConfiguration;
			buildSettings = {
				ASSETCATALOG_COMPILER_APPICON_NAME = AppIcon;
				ASSETCATALOG_COMPILER_GLOBAL_ACCENT_COLOR_NAME = AccentColor;
				CODE_SIGN_ENTITLEMENTS = macOS/macOS.entitlements;
				CODE_SIGN_STYLE = Automatic;
				COMBINE_HIDPI_IMAGES = YES;
				CURRENT_PROJECT_VERSION = 1;
				DEVELOPMENT_TEAM = 89CY642UG3;
				ENABLE_HARDENED_RUNTIME = YES;
				ENABLE_PREVIEWS = YES;
				GENERATE_INFOPLIST_FILE = YES;
				INFOPLIST_KEY_NSHumanReadableCopyright = "";
				LD_RUNPATH_SEARCH_PATHS = (
					"$(inherited)",
					"@executable_path/../Frameworks",
				);
				MACOSX_DEPLOYMENT_TARGET = 11.0;
				MARKETING_VERSION = 1.0;
				PRODUCT_BUNDLE_IDENTIFIER = ca.jinasalvarajah.Trekr;
				PRODUCT_NAME = Trekr;
				SDKROOT = macosx;
				SWIFT_EMIT_LOC_STRINGS = YES;
				SWIFT_VERSION = 5.0;
			};
			name = Debug;
		};
		C83A8325279705610026BA17 /* Release */ = {
			isa = XCBuildConfiguration;
			buildSettings = {
				ASSETCATALOG_COMPILER_APPICON_NAME = AppIcon;
				ASSETCATALOG_COMPILER_GLOBAL_ACCENT_COLOR_NAME = AccentColor;
				CODE_SIGN_ENTITLEMENTS = macOS/macOS.entitlements;
				CODE_SIGN_STYLE = Automatic;
				COMBINE_HIDPI_IMAGES = YES;
				CURRENT_PROJECT_VERSION = 1;
				DEVELOPMENT_TEAM = 89CY642UG3;
				ENABLE_HARDENED_RUNTIME = YES;
				ENABLE_PREVIEWS = YES;
				GENERATE_INFOPLIST_FILE = YES;
				INFOPLIST_KEY_NSHumanReadableCopyright = "";
				LD_RUNPATH_SEARCH_PATHS = (
					"$(inherited)",
					"@executable_path/../Frameworks",
				);
				MACOSX_DEPLOYMENT_TARGET = 11.0;
				MARKETING_VERSION = 1.0;
				PRODUCT_BUNDLE_IDENTIFIER = ca.jinasalvarajah.Trekr;
				PRODUCT_NAME = Trekr;
				SDKROOT = macosx;
				SWIFT_EMIT_LOC_STRINGS = YES;
				SWIFT_VERSION = 5.0;
			};
			name = Release;
		};
/* End XCBuildConfiguration section */

/* Begin XCConfigurationList section */
		C83A83062797055D0026BA17 /* Build configuration list for PBXProject "Trekr" */ = {
			isa = XCConfigurationList;
			buildConfigurations = (
				C83A831E279705610026BA17 /* Debug */,
				C83A831F279705610026BA17 /* Release */,
			);
			defaultConfigurationIsVisible = 0;
			defaultConfigurationName = Release;
		};
		C83A8320279705610026BA17 /* Build configuration list for PBXNativeTarget "Trekr (iOS)" */ = {
			isa = XCConfigurationList;
			buildConfigurations = (
				C83A8321279705610026BA17 /* Debug */,
				C83A8322279705610026BA17 /* Release */,
			);
			defaultConfigurationIsVisible = 0;
			defaultConfigurationName = Release;
		};
		C83A8323279705610026BA17 /* Build configuration list for PBXNativeTarget "Trekr (macOS)" */ = {
			isa = XCConfigurationList;
			buildConfigurations = (
				C83A8324279705610026BA17 /* Debug */,
				C83A8325279705610026BA17 /* Release */,
			);
			defaultConfigurationIsVisible = 0;
			defaultConfigurationName = Release;
		};
/* End XCConfigurationList section */
	};
	rootObject = C83A83032797055D0026BA17 /* Project object */;
}
